
Microsoft Visual Studio Solution File, Format Version 12.00
# Visual Studio Version 17
VisualStudioVersion = 17.11.35303.130
MinimumVisualStudioVersion = 10.0.40219.1
Project("{9A19103F-16F7-4668-BE54-9A1E7A4F7556}") = "Firefly.Core", "Firefly.Core\Firefly.Core.csproj", "{566DBA5C-B958-4135-AEC6-192C95920C7A}"
EndProject
Global
	GlobalSection(SolutionConfigurationPlatforms) = preSolution
		Debug|Any CPU = Debug|Any CPU
		Release|Any CPU = Release|Any CPU
	EndGlobalSection
	GlobalSection(ProjectConfigurationPlatforms) = postSolution
		{566DBA5C-B958-4135-AEC6-192C95920C7A}.Debug|Any CPU.ActiveCfg = Debug|Any CPU
		{566DBA5C-B958-4135-AEC6-192C95920C7A}.Debug|Any CPU.Build.0 = Debug|Any CPU
		{566DBA5C-B958-4135-AEC6-192C95920C7A}.Release|Any CPU.ActiveCfg = Release|Any CPU
		{566DBA5C-B958-4135-AEC6-192C95920C7A}.Release|Any CPU.Build.0 = Release|Any CPU
	EndGlobalSection
	GlobalSection(SolutionProperties) = preSolution
		HideSolutionNode = FALSE
	EndGlobalSection
	GlobalSection(ExtensibilityGlobals) = postSolution
		SolutionGuid = {FCDB8B4A-7A0B-4612-9033-C80D578D635A}
	EndGlobalSection
EndGlobal
